
Microsoft Visual Studio Solution File, Format Version 12.00
# Visual Studio Version 17
VisualStudioVersion = 17.1.32319.34
MinimumVisualStudioVersion = 10.0.40219.1
Project("{9A19103F-16F7-4668-BE54-9A1E7A4F7556}") = "CoreWebApi_Example", "CoreWebApi_Example\CoreWebApi_Example.csproj", "{A580AAAE-90A5-4101-8E0E-002413C45986}"
EndProject
Project("{FAE04EC0-301F-11D3-BF4B-00C04F79EFBC}") = "WebApi_TrainingCalendar_CodeFirst", "WebApi_TrainingCalendar_CodeFirst\WebApi_TrainingCalendar_CodeFirst.csproj", "{A6F6069F-02DD-41C2-98CF-AABE32025876}"
EndProject
Global
	GlobalSection(SolutionConfigurationPlatforms) = preSolution
		Debug|Any CPU = Debug|Any CPU
		Release|Any CPU = Release|Any CPU
	EndGlobalSection
	GlobalSection(ProjectConfigurationPlatforms) = postSolution
		{A580AAAE-90A5-4101-8E0E-002413C45986}.Debug|Any CPU.ActiveCfg = Debug|Any CPU
		{A580AAAE-90A5-4101-8E0E-002413C45986}.Debug|Any CPU.Build.0 = Debug|Any CPU
		{A580AAAE-90A5-4101-8E0E-002413C45986}.Release|Any CPU.ActiveCfg = Release|Any CPU
		{A580AAAE-90A5-4101-8E0E-002413C45986}.Release|Any CPU.Build.0 = Release|Any CPU
		{A6F6069F-02DD-41C2-98CF-AABE32025876}.Debug|Any CPU.ActiveCfg = Debug|Any CPU
		{A6F6069F-02DD-41C2-98CF-AABE32025876}.Debug|Any CPU.Build.0 = Debug|Any CPU
		{A6F6069F-02DD-41C2-98CF-AABE32025876}.Release|Any CPU.ActiveCfg = Release|Any CPU
		{A6F6069F-02DD-41C2-98CF-AABE32025876}.Release|Any CPU.Build.0 = Release|Any CPU
	EndGlobalSection
	GlobalSection(SolutionProperties) = preSolution
		HideSolutionNode = FALSE
	EndGlobalSection
	GlobalSection(ExtensibilityGlobals) = postSolution
		SolutionGuid = {3D08C516-2012-4FB8-91E0-639D593DDAF6}
	EndGlobalSection
EndGlobal
